# This file is @generated by PDM.
# It is not intended for manual editing.

[metadata]
groups = ["default"]
strategy = ["cross_platform"]
lock_version = "4.4.1"
content_hash = "sha256:e9d816dfd92aedfc69b8a5ee51058b433fd3af83e2426c2a444bf443b009e1d6"

[[package]]
name = "asgiref"
version = "3.8.1"
requires_python = ">=3.8"
summary = "ASGI specs, helper code, and adapters"
files = [
    {file = "asgiref-3.8.1-py3-none-any.whl", hash = "sha256:3e1e3ecc849832fe52ccf2cb6686b7a55f82bb1d6aee72a58826471390335e47"},
    {file = "asgiref-3.8.1.tar.gz", hash = "sha256:c343bd80a0bec947a9860adb4c432ffa7db769836c64238fc34bdc3fec84d590"},
]

[[package]]
name = "click"
version = "8.1.7"
requires_python = ">=3.7"
summary = "Composable command line interface toolkit"
dependencies = [
    "colorama; platform_system == \"Windows\"",
]
files = [
    {file = "click-8.1.7-py3-none-any.whl", hash = "sha256:ae74fb96c20a0277a1d615f1e4d73c8414f5a98db8b799a7931d1582f3390c28"},
    {file = "click-8.1.7.tar.gz", hash = "sha256:ca9853ad459e787e2192211578cc907e7594e294c7ccc834310722b41b9ca6de"},
]

[[package]]
name = "colorama"
version = "0.4.6"
requires_python = "!=3.0.*,!=3.1.*,!=3.2.*,!=3.3.*,!=3.4.*,!=3.5.*,!=3.6.*,>=2.7"
summary = "Cross-platform colored terminal text."
files = [
    {file = "colorama-0.4.6-py2.py3-none-any.whl", hash = "sha256:4f1d9991f5acc0ca119f9d443620b77f9d6b33703e51011c16baf57afb285fc6"},
    {file = "colorama-0.4.6.tar.gz", hash = "sha256:08695f5cb7ed6e0531a20572697297273c47b8cae5a63ffc6d6ed5c201be6e44"},
]

[[package]]
name = "django"
version = "5.0.4"
requires_python = ">=3.10"
summary = "A high-level Python web framework that encourages rapid development and clean, pragmatic design."
dependencies = [
    "asgiref<4,>=3.7.0",
    "sqlparse>=0.3.1",
    "tzdata; sys_platform == \"win32\"",
]
files = [
    {file = "Django-5.0.4-py3-none-any.whl", hash = "sha256:916423499d75d62da7aa038d19aef23d23498d8df229775eb0a6309ee1013775"},
    {file = "Django-5.0.4.tar.gz", hash = "sha256:4bd01a8c830bb77a8a3b0e7d8b25b887e536ad17a81ba2dce5476135c73312bd"},
]

[[package]]
name = "django-environ"
version = "0.11.2"
requires_python = ">=3.6,<4"
summary = "A package that allows you to utilize 12factor inspired environment variables to configure your Django application."
files = [
    {file = "django-environ-0.11.2.tar.gz", hash = "sha256:f32a87aa0899894c27d4e1776fa6b477e8164ed7f6b3e410a62a6d72caaf64be"},
    {file = "django_environ-0.11.2-py2.py3-none-any.whl", hash = "sha256:0ff95ab4344bfeff693836aa978e6840abef2e2f1145adff7735892711590c05"},
]

[[package]]
name = "granian"
version = "1.4.1"
requires_python = ">=3.8"
summary = "A Rust HTTP server for Python applications"
dependencies = [
    "click>=8.0.0",
    "uvloop~=0.18.0; sys_platform != \"win32\" and platform_python_implementation == \"CPython\"",
]
files = [
    {file = "granian-1.4.1-cp311-cp311-macosx_10_12_x86_64.whl", hash = "sha256:98c66870a54a64847a9867ce305af0ce0ecb4c2b49fbd882ed47512d0e5701be"},
    {file = "granian-1.4.1-cp311-cp311-macosx_11_0_arm64.whl", hash = "sha256:4f46a7babcc82ec75c4654c011ec345f42665b81abb140f2875dbf576a890865"},
    {file = "granian-1.4.1-cp311-cp311-manylinux_2_17_aarch64.manylinux2014_aarch64.whl", hash = "sha256:bc009cc9efe0cd6e97ac249feb1f69ce50a66b20c5aa79d4f1dd117f7d4edfb4"},
    {file = "granian-1.4.1-cp311-cp311-manylinux_2_17_x86_64.manylinux2014_x86_64.whl", hash = "sha256:d10509fe69b5a062a6f5f63704701b29d00ced5881e0b939e695ae76b38269fb"},
    {file = "granian-1.4.1-cp311-cp311-musllinux_1_1_aarch64.whl", hash = "sha256:748b9a788acb3f8e152071fd0cd55cf2ca000ee34e506b89f9d8df57e1277c3c"},
    {file = "granian-1.4.1-cp311-cp311-musllinux_1_1_x86_64.whl", hash = "sha256:2d9e9a59dea5305e34ba49a6fe4fa3f41370a5a89c0d954765219ebb6e7aa739"},
    {file = "granian-1.4.1-cp311-none-win_amd64.whl", hash = "sha256:cba1bc68b31ca3d17e29a18330c536eead57215ebb9b56c86906a72ab3b094d9"},
    {file = "granian-1.4.1-pp310-pypy310_pp73-macosx_10_12_x86_64.whl", hash = "sha256:11d704431bfc85109ed5756de99c9ae4a02d4e03ffb1451077c77dd911b42773"},
    {file = "granian-1.4.1-pp310-pypy310_pp73-macosx_11_0_arm64.whl", hash = "sha256:48be64d9a8dd84b298275fe89d6e27cc350ebf16c32d4079325bb92f141a955a"},
    {file = "granian-1.4.1-pp310-pypy310_pp73-manylinux_2_17_aarch64.manylinux2014_aarch64.whl", hash = "sha256:abee8147722be267d00b15a0621911e56b9827dec93dc0135b1db21b0bd98e32"},
    {file = "granian-1.4.1-pp310-pypy310_pp73-manylinux_2_17_x86_64.manylinux2014_x86_64.whl", hash = "sha256:dada2b8f8668817d6b7ffd74f50aa82ddab925108ffac84c72602021154d4c2b"},
    {file = "granian-1.4.1-pp310-pypy310_pp73-musllinux_1_1_aarch64.whl", hash = "sha256:e7a09e6b295bdeaa28e377698a9be12cf10b4ce038959a1f610890712b9edeef"},
    {file = "granian-1.4.1-pp310-pypy310_pp73-musllinux_1_1_x86_64.whl", hash = "sha256:aa910bbdf4e4a9bac31b505f5632b20c1444d3e71a83e588110a1a8e7e4ed1cd"},
    {file = "granian-1.4.1-pp310-pypy310_pp73-win_amd64.whl", hash = "sha256:bb7fcc24d13465fc57c94db37e5492843b8401dd05cfa13c32ea6336b4a304a5"},
    {file = "granian-1.4.1-pp38-pypy38_pp73-macosx_10_12_x86_64.whl", hash = "sha256:c0d640ae1550ab5093fb03aa7178d407ba9c6dd7d80daee04df107d45d6956c3"},
    {file = "granian-1.4.1-pp38-pypy38_pp73-macosx_11_0_arm64.whl", hash = "sha256:cf64ef80a3313f75d3feeeca3f3513b6473366e23374ebf706a05189f5a54a19"},
    {file = "granian-1.4.1-pp38-pypy38_pp73-manylinux_2_17_aarch64.manylinux2014_aarch64.whl", hash = "sha256:76ed76bee24bcc39f4fca77c105a6befb4f3e5fcc8141c2bfb0987a5e130c80f"},
    {file = "granian-1.4.1-pp38-pypy38_pp73-manylinux_2_17_x86_64.manylinux2014_x86_64.whl", hash = "sha256:cb4e8e8976f4fffeb98bf163b593a11520fa8a7057315fa23d9af27f831287d0"},
    {file = "granian-1.4.1-pp38-pypy38_pp73-musllinux_1_1_aarch64.whl", hash = "sha256:b6711c46611207aa29895755519a030d232f1b00d04fc693d095918e42fb5e8c"},
    {file = "granian-1.4.1-pp38-pypy38_pp73-musllinux_1_1_x86_64.whl", hash = "sha256:551ad05d334b67d91987219f1e191b53384e5d7f0b614e4cc1358d6979763678"},
    {file = "granian-1.4.1-pp38-pypy38_pp73-win_amd64.whl", hash = "sha256:16a5a7a1503be6eccffbe0b29a477be24626f8534c7a73a46268406b6878567a"},
    {file = "granian-1.4.1-pp39-pypy39_pp73-macosx_10_12_x86_64.whl", hash = "sha256:7e1d11da88deb102d5f76f5b8feff4c649a92316ac89231374b5d3b67dced8b0"},
    {file = "granian-1.4.1-pp39-pypy39_pp73-macosx_11_0_arm64.whl", hash = "sha256:fd6394bad8e9e9c4b8849fb6a056dc9b5d8b5e2f8d02cee41a066f574f063770"},
    {file = "granian-1.4.1-pp39-pypy39_pp73-manylinux_2_17_aarch64.manylinux2014_aarch64.whl", hash = "sha256:efc7930edb1957dcb4be20a38ca35e43b7a7fe2a32596411a7eec0d907b46083"},
    {file = "granian-1.4.1-pp39-pypy39_pp73-manylinux_2_17_x86_64.manylinux2014_x86_64.whl", hash = "sha256:a8c409fb5fb371c47096ab37366add4e433da08afc9bed73a7d9cb949916ec04"},
    {file = "granian-1.4.1-pp39-pypy39_pp73-musllinux_1_1_aarch64.whl", hash = "sha256:2fecb1046e0a7c4a39b521f30f648db663f3c11487c1985db944ced3a78390bf"},
    {file = "granian-1.4.1-pp39-pypy39_pp73-musllinux_1_1_x86_64.whl", hash = "sha256:aaac86cac5d280f90db9bb17d9e65cb1606a1376daac239bcc0f33fb8ae2c45a"},
    {file = "granian-1.4.1-pp39-pypy39_pp73-win_amd64.whl", hash = "sha256:7fe1ec1f500f6d0ee1ad647e2cdc5b61d5d0ecd9d8e60b56eed9d1d52a0f94b1"},
    {file = "granian-1.4.1.tar.gz", hash = "sha256:a087036ba3124d8d8721195becae7503a404f3e17683b2f331355f25062377d6"},
]

[[package]]
name = "psycopg-binary"
version = "3.1.19"
requires_python = ">=3.7"
summary = "PostgreSQL database adapter for Python -- C optimisation distribution"
files = [
    {file = "psycopg_binary-3.1.19-cp311-cp311-macosx_10_9_x86_64.whl", hash = "sha256:1cf49e91dcf699b8a449944ed898ef1466b39b92720613838791a551bc8f587a"},
    {file = "psycopg_binary-3.1.19-cp311-cp311-macosx_11_0_arm64.whl", hash = "sha256:964c307e400c5f33fa762ba1e19853e048814fcfbd9679cc923431adb7a2ead2"},
    {file = "psycopg_binary-3.1.19-cp311-cp311-manylinux_2_17_aarch64.manylinux2014_aarch64.whl", hash = "sha256:3433924e1b14074798331dc2bfae2af452ed7888067f2fc145835704d8981b15"},
    {file = "psycopg_binary-3.1.19-cp311-cp311-manylinux_2_17_i686.manylinux2014_i686.whl", hash = "sha256:00879d4c6be4b3afc510073f48a5e960f797200e261ab3d9bd9b7746a08c669d"},
    {file = "psycopg_binary-3.1.19-cp311-cp311-manylinux_2_17_ppc64le.manylinux2014_ppc64le.whl", hash = "sha256:34a6997c80f86d3dd80a4f078bb3b200079c47eeda4fd409d8899b883c90d2ac"},
    {file = "psycopg_binary-3.1.19-cp311-cp311-manylinux_2_17_x86_64.manylinux2014_x86_64.whl", hash = "sha256:0106e42b481677c41caa69474fe530f786dcef88b11b70000f0e45a03534bc8f"},
    {file = "psycopg_binary-3.1.19-cp311-cp311-musllinux_1_1_aarch64.whl", hash = "sha256:81efe09ba27533e35709905c3061db4dc9fb814f637360578d065e2061fbb116"},
    {file = "psycopg_binary-3.1.19-cp311-cp311-musllinux_1_1_i686.whl", hash = "sha256:d312d6dddc18d9c164e1893706269c293cba1923118349d375962b1188dafb01"},
    {file = "psycopg_binary-3.1.19-cp311-cp311-musllinux_1_1_ppc64le.whl", hash = "sha256:bfd2c734da9950f7afaad5f132088e0e1478f32f042881fca6651bb0c8d14206"},
    {file = "psycopg_binary-3.1.19-cp311-cp311-musllinux_1_1_x86_64.whl", hash = "sha256:8a732610a5a6b4f06dadcf9288688a8ff202fd556d971436a123b7adb85596e2"},
    {file = "psycopg_binary-3.1.19-cp311-cp311-win_amd64.whl", hash = "sha256:321814a9a3ad785855a821b842aba08ca1b7de7dfb2979a2f0492dca9ec4ae70"},
]

[[package]]
name = "psycopg2-binary"
version = "2.9.9"
requires_python = ">=3.7"
summary = "psycopg2 - Python-PostgreSQL Database Adapter"
files = [
    {file = "psycopg2-binary-2.9.9.tar.gz", hash = "sha256:7f01846810177d829c7692f1f5ada8096762d9172af1b1a28d4ab5b77c923c1c"},
    {file = "psycopg2_binary-2.9.9-cp311-cp311-macosx_10_9_x86_64.whl", hash = "sha256:ee825e70b1a209475622f7f7b776785bd68f34af6e7a46e2e42f27b659b5bc26"},
    {file = "psycopg2_binary-2.9.9-cp311-cp311-macosx_11_0_arm64.whl", hash = "sha256:1ea665f8ce695bcc37a90ee52de7a7980be5161375d42a0b6c6abedbf0d81f0f"},
    {file = "psycopg2_binary-2.9.9-cp311-cp311-manylinux_2_17_aarch64.manylinux2014_aarch64.whl", hash = "sha256:143072318f793f53819048fdfe30c321890af0c3ec7cb1dfc9cc87aa88241de2"},
    {file = "psycopg2_binary-2.9.9-cp311-cp311-manylinux_2_17_i686.manylinux2014_i686.whl", hash = "sha256:c332c8d69fb64979ebf76613c66b985414927a40f8defa16cf1bc028b7b0a7b0"},
    {file = "psycopg2_binary-2.9.9-cp311-cp311-manylinux_2_17_ppc64le.manylinux2014_ppc64le.whl", hash = "sha256:f7fc5a5acafb7d6ccca13bfa8c90f8c51f13d8fb87d95656d3950f0158d3ce53"},
    {file = "psycopg2_binary-2.9.9-cp311-cp311-manylinux_2_17_x86_64.manylinux2014_x86_64.whl", hash = "sha256:977646e05232579d2e7b9c59e21dbe5261f403a88417f6a6512e70d3f8a046be"},
    {file = "psycopg2_binary-2.9.9-cp311-cp311-musllinux_1_1_aarch64.whl", hash = "sha256:b6356793b84728d9d50ead16ab43c187673831e9d4019013f1402c41b1db9b27"},
    {file = "psycopg2_binary-2.9.9-cp311-cp311-musllinux_1_1_i686.whl", hash = "sha256:bc7bb56d04601d443f24094e9e31ae6deec9ccb23581f75343feebaf30423359"},
    {file = "psycopg2_binary-2.9.9-cp311-cp311-musllinux_1_1_ppc64le.whl", hash = "sha256:77853062a2c45be16fd6b8d6de2a99278ee1d985a7bd8b103e97e41c034006d2"},
    {file = "psycopg2_binary-2.9.9-cp311-cp311-musllinux_1_1_x86_64.whl", hash = "sha256:78151aa3ec21dccd5cdef6c74c3e73386dcdfaf19bced944169697d7ac7482fc"},
    {file = "psycopg2_binary-2.9.9-cp311-cp311-win32.whl", hash = "sha256:dc4926288b2a3e9fd7b50dc6a1909a13bbdadfc67d93f3374d984e56f885579d"},
    {file = "psycopg2_binary-2.9.9-cp311-cp311-win_amd64.whl", hash = "sha256:b76bedd166805480ab069612119ea636f5ab8f8771e640ae103e05a4aae3e417"},
]

[[package]]
name = "sqlparse"
version = "0.5.0"
requires_python = ">=3.8"
summary = "A non-validating SQL parser."
files = [
    {file = "sqlparse-0.5.0-py3-none-any.whl", hash = "sha256:c204494cd97479d0e39f28c93d46c0b2d5959c7b9ab904762ea6c7af211c8663"},
    {file = "sqlparse-0.5.0.tar.gz", hash = "sha256:714d0a4932c059d16189f58ef5411ec2287a4360f17cdd0edd2d09d4c5087c93"},
]

[[package]]
name = "tzdata"
version = "2024.1"
requires_python = ">=2"
summary = "Provider of IANA time zone data"
files = [
    {file = "tzdata-2024.1-py2.py3-none-any.whl", hash = "sha256:9068bc196136463f5245e51efda838afa15aaeca9903f49050dfa2679db4d252"},
    {file = "tzdata-2024.1.tar.gz", hash = "sha256:2674120f8d891909751c38abcdfd386ac0a5a1127954fbc332af6b5ceae07efd"},
]

[[package]]
name = "uvloop"
version = "0.18.0"
requires_python = ">=3.7.0"
summary = "Fast implementation of asyncio event loop on top of libuv"
files = [
    {file = "uvloop-0.18.0-cp311-cp311-macosx_10_9_universal2.whl", hash = "sha256:25b714f07c68dcdaad6994414f6ec0f2a3b9565524fba181dcbfd7d9598a3e73"},
    {file = "uvloop-0.18.0-cp311-cp311-macosx_10_9_x86_64.whl", hash = "sha256:1121087dfeb46e9e65920b20d1f46322ba299b8d93f7cb61d76c94b5a1adc20c"},
    {file = "uvloop-0.18.0-cp311-cp311-manylinux_2_17_aarch64.manylinux2014_aarch64.whl", hash = "sha256:74020ef8061678e01a40c49f1716b4f4d1cc71190d40633f08a5ef8a7448a5c6"},
    {file = "uvloop-0.18.0-cp311-cp311-manylinux_2_17_x86_64.manylinux2014_x86_64.whl", hash = "sha256:1f4a549cd747e6f4f8446f4b4c8cb79504a8372d5d3a9b4fc20e25daf8e76c05"},
    {file = "uvloop-0.18.0-cp311-cp311-musllinux_1_1_aarch64.whl", hash = "sha256:6132318e1ab84a626639b252137aa8d031a6c0550250460644c32ed997604088"},
    {file = "uvloop-0.18.0-cp311-cp311-musllinux_1_1_x86_64.whl", hash = "sha256:585b7281f9ea25c4a5fa993b1acca4ad3d8bc3f3fe2e393f0ef51b6c1bcd2fe6"},
    {file = "uvloop-0.18.0.tar.gz", hash = "sha256:d5d1135beffe9cd95d0350f19e2716bc38be47d5df296d7cc46e3b7557c0d1ff"},
]
